
Microsoft Visual Studio Solution File, Format Version 12.00
# Visual Studio 15
VisualStudioVersion = 15.0.28307.168
MinimumVisualStudioVersion = 10.0.40219.1
Project("{9A19103F-16F7-4668-BE54-9A1E7A4F7556}") = "TestNinja", "TestNinja\TestNinja.csproj", "{B83F1049-505A-48DE-A5AE-E767D437313C}"
EndProject
Project("{FAE04EC0-301F-11D3-BF4B-00C04F79EFBC}") = "TestNinja.UnitTests", "TestNinja.UnitTests\TestNinja.UnitTests.csproj", "{DF7E6E22-7307-4C5A-A611-15E37FC43D81}"
EndProject
Global
	GlobalSection(SolutionConfigurationPlatforms) = preSolution
		Debug|Any CPU = Debug|Any CPU
		Release|Any CPU = Release|Any CPU
	EndGlobalSection
	GlobalSection(ProjectConfigurationPlatforms) = postSolution
		{B83F1049-505A-48DE-A5AE-E767D437313C}.Debug|Any CPU.ActiveCfg = Debug|Any CPU
		{B83F1049-505A-48DE-A5AE-E767D437313C}.Debug|Any CPU.Build.0 = Debug|Any CPU
		{B83F1049-505A-48DE-A5AE-E767D437313C}.Release|Any CPU.ActiveCfg = Release|Any CPU
		{B83F1049-505A-48DE-A5AE-E767D437313C}.Release|Any CPU.Build.0 = Release|Any CPU
		{DF7E6E22-7307-4C5A-A611-15E37FC43D81}.Debug|Any CPU.ActiveCfg = Debug|Any CPU
		{DF7E6E22-7307-4C5A-A611-15E37FC43D81}.Debug|Any CPU.Build.0 = Debug|Any CPU
		{DF7E6E22-7307-4C5A-A611-15E37FC43D81}.Release|Any CPU.ActiveCfg = Release|Any CPU
		{DF7E6E22-7307-4C5A-A611-15E37FC43D81}.Release|Any CPU.Build.0 = Release|Any CPU
	EndGlobalSection
	GlobalSection(SolutionProperties) = preSolution
		HideSolutionNode = FALSE
	EndGlobalSection
	GlobalSection(ExtensibilityGlobals) = postSolution
		SolutionGuid = {D0AA8B7A-E5D7-4A97-B549-352F934D3384}
	EndGlobalSection
EndGlobal
